
Microsoft Visual Studio Solution File, Format Version 12.00
# Visual Studio Version 17
VisualStudioVersion = 17.1.32421.90
MinimumVisualStudioVersion = 10.0.40219.1
Project("{FAE04EC0-301F-11D3-BF4B-00C04F79EFBC}") = "CreditSuisse", "CreditSuisse\CreditSuisse.csproj", "{8C876238-5596-44BD-BE17-6F0468BE20C0}"
EndProject
Project("{2150E333-8FDC-42A3-9474-1A3956D46DE8}") = "App", "App", "{2EF3AC31-48B1-4634-800B-FB78BA8DF73D}"
EndProject
Project("{2150E333-8FDC-42A3-9474-1A3956D46DE8}") = "Framework", "Framework", "{65922EC0-D069-4349-B6FA-A9DBF981C461}"
EndProject
Project("{FAE04EC0-301F-11D3-BF4B-00C04F79EFBC}") = "CreditSuisse.Domain", "CreditSuisse.Domain\CreditSuisse.Domain.csproj", "{332746FB-FDCB-40EE-B099-4440C623B018}"
EndProject
Global
	GlobalSection(SolutionConfigurationPlatforms) = preSolution
		Debug|Any CPU = Debug|Any CPU
		Release|Any CPU = Release|Any CPU
	EndGlobalSection
	GlobalSection(ProjectConfigurationPlatforms) = postSolution
		{8C876238-5596-44BD-BE17-6F0468BE20C0}.Debug|Any CPU.ActiveCfg = Debug|Any CPU
		{8C876238-5596-44BD-BE17-6F0468BE20C0}.Debug|Any CPU.Build.0 = Debug|Any CPU
		{8C876238-5596-44BD-BE17-6F0468BE20C0}.Release|Any CPU.ActiveCfg = Release|Any CPU
		{8C876238-5596-44BD-BE17-6F0468BE20C0}.Release|Any CPU.Build.0 = Release|Any CPU
		{332746FB-FDCB-40EE-B099-4440C623B018}.Debug|Any CPU.ActiveCfg = Debug|Any CPU
		{332746FB-FDCB-40EE-B099-4440C623B018}.Debug|Any CPU.Build.0 = Debug|Any CPU
		{332746FB-FDCB-40EE-B099-4440C623B018}.Release|Any CPU.ActiveCfg = Release|Any CPU
		{332746FB-FDCB-40EE-B099-4440C623B018}.Release|Any CPU.Build.0 = Release|Any CPU
	EndGlobalSection
	GlobalSection(SolutionProperties) = preSolution
		HideSolutionNode = FALSE
	EndGlobalSection
	GlobalSection(NestedProjects) = preSolution
		{8C876238-5596-44BD-BE17-6F0468BE20C0} = {2EF3AC31-48B1-4634-800B-FB78BA8DF73D}
		{332746FB-FDCB-40EE-B099-4440C623B018} = {65922EC0-D069-4349-B6FA-A9DBF981C461}
	EndGlobalSection
	GlobalSection(ExtensibilityGlobals) = postSolution
		SolutionGuid = {B780A20E-CBDA-4CA4-91F2-959D0AA96E4C}
	EndGlobalSection
EndGlobal
